
Microsoft Visual Studio Solution File, Format Version 12.00
# Visual Studio Version 16
VisualStudioVersion = 16.0.32929.386
MinimumVisualStudioVersion = 10.0.40219.1
Project("{9A19103F-16F7-4668-BE54-9A1E7A4F7556}") = "MedicalClinicServer", "MedicalClinicServer\MedicalClinicServer.csproj", "{7F8635EE-765D-459C-8BC2-E4CD9D4F6E70}"
EndProject
Project("{9A19103F-16F7-4668-BE54-9A1E7A4F7556}") = "MedicalClinicClientApp", "MedicalClinicClientApp\MedicalClinicClientApp.csproj", "{0F862A83-410B-479C-961B-620F1BDD88C6}"
EndProject
Project("{FAE04EC0-301F-11D3-BF4B-00C04F79EFBC}") = "MedicalClinicEmployeeClient", "MedicalClinicEmployeeClient\MedicalClinicEmployeeClient.csproj", "{287CB106-E52A-4629-B84D-1A18871A09F9}"
EndProject
Global
	GlobalSection(SolutionConfigurationPlatforms) = preSolution
		Debug|Any CPU = Debug|Any CPU
		Release|Any CPU = Release|Any CPU
	EndGlobalSection
	GlobalSection(ProjectConfigurationPlatforms) = postSolution
		{7F8635EE-765D-459C-8BC2-E4CD9D4F6E70}.Debug|Any CPU.ActiveCfg = Debug|Any CPU
		{7F8635EE-765D-459C-8BC2-E4CD9D4F6E70}.Debug|Any CPU.Build.0 = Debug|Any CPU
		{7F8635EE-765D-459C-8BC2-E4CD9D4F6E70}.Release|Any CPU.ActiveCfg = Release|Any CPU
		{7F8635EE-765D-459C-8BC2-E4CD9D4F6E70}.Release|Any CPU.Build.0 = Release|Any CPU
		{0F862A83-410B-479C-961B-620F1BDD88C6}.Debug|Any CPU.ActiveCfg = Debug|Any CPU
		{0F862A83-410B-479C-961B-620F1BDD88C6}.Debug|Any CPU.Build.0 = Debug|Any CPU
		{0F862A83-410B-479C-961B-620F1BDD88C6}.Release|Any CPU.ActiveCfg = Release|Any CPU
		{0F862A83-410B-479C-961B-620F1BDD88C6}.Release|Any CPU.Build.0 = Release|Any CPU
		{287CB106-E52A-4629-B84D-1A18871A09F9}.Debug|Any CPU.ActiveCfg = Debug|Any CPU
		{287CB106-E52A-4629-B84D-1A18871A09F9}.Debug|Any CPU.Build.0 = Debug|Any CPU
		{287CB106-E52A-4629-B84D-1A18871A09F9}.Release|Any CPU.ActiveCfg = Release|Any CPU
		{287CB106-E52A-4629-B84D-1A18871A09F9}.Release|Any CPU.Build.0 = Release|Any CPU
	EndGlobalSection
	GlobalSection(SolutionProperties) = preSolution
		HideSolutionNode = FALSE
	EndGlobalSection
	GlobalSection(ExtensibilityGlobals) = postSolution
		SolutionGuid = {9F9C4AC1-B87B-4C56-8B95-DCD36920BF7E}
	EndGlobalSection
EndGlobal
